
Microsoft Visual Studio Solution File, Format Version 12.00
# Visual Studio Version 16
VisualStudioVersion = 16.0.30104.148
MinimumVisualStudioVersion = 10.0.40219.1
Project("{9A19103F-16F7-4668-BE54-9A1E7A4F7556}") = "FundMeUp", "FundMeUp\FundMeUp.csproj", "{F367411A-8741-4579-9F8D-B19FE23E2638}"
EndProject
Project("{FAE04EC0-301F-11D3-BF4B-00C04F79EFBC}") = "FundMeUpMVC", "FundMeUpMVC\FundMeUpMVC.csproj", "{5571E546-AAF6-4F2E-8D12-8E66A4512391}"
EndProject
Global
	GlobalSection(SolutionConfigurationPlatforms) = preSolution
		Debug|Any CPU = Debug|Any CPU
		Release|Any CPU = Release|Any CPU
	EndGlobalSection
	GlobalSection(ProjectConfigurationPlatforms) = postSolution
		{F367411A-8741-4579-9F8D-B19FE23E2638}.Debug|Any CPU.ActiveCfg = Debug|Any CPU
		{F367411A-8741-4579-9F8D-B19FE23E2638}.Debug|Any CPU.Build.0 = Debug|Any CPU
		{F367411A-8741-4579-9F8D-B19FE23E2638}.Release|Any CPU.ActiveCfg = Release|Any CPU
		{F367411A-8741-4579-9F8D-B19FE23E2638}.Release|Any CPU.Build.0 = Release|Any CPU
		{5571E546-AAF6-4F2E-8D12-8E66A4512391}.Debug|Any CPU.ActiveCfg = Debug|Any CPU
		{5571E546-AAF6-4F2E-8D12-8E66A4512391}.Debug|Any CPU.Build.0 = Debug|Any CPU
		{5571E546-AAF6-4F2E-8D12-8E66A4512391}.Release|Any CPU.ActiveCfg = Release|Any CPU
		{5571E546-AAF6-4F2E-8D12-8E66A4512391}.Release|Any CPU.Build.0 = Release|Any CPU
	EndGlobalSection
	GlobalSection(SolutionProperties) = preSolution
		HideSolutionNode = FALSE
	EndGlobalSection
	GlobalSection(ExtensibilityGlobals) = postSolution
		SolutionGuid = {3A5CFE72-0601-41FB-A5EB-FC8E777EA271}
	EndGlobalSection
EndGlobal
